
Microsoft Visual Studio Solution File, Format Version 12.00
Project("{FAE04EC0-301F-11D3-BF4B-00C04F79EFBC}") = "Microsoft.Bot.Builder.Telegram", "Microsoft.Bot.Builder.Telegram\Microsoft.Bot.Builder.Telegram.csproj", "{A1FEF7F6-2718-4E1B-9D57-DF9C83C29F0A}"
EndProject
Global
	GlobalSection(SolutionConfigurationPlatforms) = preSolution
		Debug|Any CPU = Debug|Any CPU
		Release|Any CPU = Release|Any CPU
	EndGlobalSection
	GlobalSection(ProjectConfigurationPlatforms) = postSolution
		{A1FEF7F6-2718-4E1B-9D57-DF9C83C29F0A}.Debug|Any CPU.ActiveCfg = Debug|Any CPU
		{A1FEF7F6-2718-4E1B-9D57-DF9C83C29F0A}.Debug|Any CPU.Build.0 = Debug|Any CPU
		{A1FEF7F6-2718-4E1B-9D57-DF9C83C29F0A}.Release|Any CPU.ActiveCfg = Release|Any CPU
		{A1FEF7F6-2718-4E1B-9D57-DF9C83C29F0A}.Release|Any CPU.Build.0 = Release|Any CPU
	EndGlobalSection
EndGlobal
